// !$*UTF8*$!
{
	archiveVersion = 1;
	classes = {
	};
	objectVersion = 56;
	objects = {

/* Begin PBXBuildFile section */
		122CAAA22B5F468A0053E9FD /* TightWadApp.swift in Sources */ = {isa = PBXBuildFile; fileRef = 122CAAA12B5F468A0053E9FD /* TightWadApp.swift */; };
		122CAAA42B5F468A0053E9FD /* ContentView.swift in Sources */ = {isa = PBXBuildFile; fileRef = 122CAAA32B5F468A0053E9FD /* ContentView.swift */; };
		122CAAA62B5F468C0053E9FD /* Assets.xcassets in Resources */ = {isa = PBXBuildFile; fileRef = 122CAAA52B5F468C0053E9FD /* Assets.xcassets */; };
		122CAAAA2B5F468C0053E9FD /* Preview Assets.xcassets in Resources */ = {isa = PBXBuildFile; fileRef = 122CAAA92B5F468C0053E9FD /* Preview Assets.xcassets */; };
		122CAAB42B5F468D0053E9FD /* TightWadTests.swift in Sources */ = {isa = PBXBuildFile; fileRef = 122CAAB32B5F468D0053E9FD /* TightWadTests.swift */; };
		122CAABE2B5F468D0053E9FD /* TightWadUITests.swift in Sources */ = {isa = PBXBuildFile; fileRef = 122CAABD2B5F468D0053E9FD /* TightWadUITests.swift */; };
		122CAAC02B5F468D0053E9FD /* TightWadUITestsLaunchTests.swift in Sources */ = {isa = PBXBuildFile; fileRef = 122CAABF2B5F468D0053E9FD /* TightWadUITestsLaunchTests.swift */; };
		122CAAD02B5F53E20053E9FD /* Transaction.swift in Sources */ = {isa = PBXBuildFile; fileRef = 122CAACF2B5F53E20053E9FD /* Transaction.swift */; };
		122CAAD22B6079190053E9FD /* Color.swift in Sources */ = {isa = PBXBuildFile; fileRef = 122CAAD12B6079190053E9FD /* Color.swift */; };
		122CAAD42B607A420053E9FD /* TransactionType.swift in Sources */ = {isa = PBXBuildFile; fileRef = 122CAAD32B607A420053E9FD /* TransactionType.swift */; };
		122CAAD62B607AD70053E9FD /* Constants.swift in Sources */ = {isa = PBXBuildFile; fileRef = 122CAAD52B607AD70053E9FD /* Constants.swift */; };
		122CAADA2B6081240053E9FD /* Budget.swift in Sources */ = {isa = PBXBuildFile; fileRef = 122CAAD92B6081240053E9FD /* Budget.swift */; };
		122CAADF2B6088DC0053E9FD /* Tab.swift in Sources */ = {isa = PBXBuildFile; fileRef = 122CAADE2B6088DC0053E9FD /* Tab.swift */; };
		122CAAE12B6089830053E9FD /* TabPosition.swift in Sources */ = {isa = PBXBuildFile; fileRef = 122CAAE02B6089830053E9FD /* TabPosition.swift */; };
		122CAAE32B6089A30053E9FD /* TabShape.swift in Sources */ = {isa = PBXBuildFile; fileRef = 122CAAE22B6089A30053E9FD /* TabShape.swift */; };
		122CAAE52B6089F00053E9FD /* TabBarHome.swift in Sources */ = {isa = PBXBuildFile; fileRef = 122CAAE42B6089F00053E9FD /* TabBarHome.swift */; };
		122CAAE72B608E3A0053E9FD /* TransactionView.swift in Sources */ = {isa = PBXBuildFile; fileRef = 122CAAE62B608E3A0053E9FD /* TransactionView.swift */; };
		122CAAE92B608E910053E9FD /* ChartsView.swift in Sources */ = {isa = PBXBuildFile; fileRef = 122CAAE82B608E910053E9FD /* ChartsView.swift */; };
		122CAAEB2B608E9E0053E9FD /* SettingsView.swift in Sources */ = {isa = PBXBuildFile; fileRef = 122CAAEA2B608E9E0053E9FD /* SettingsView.swift */; };
		12F02E352B60CD9400C77655 /* DateFilterView.swift in Sources */ = {isa = PBXBuildFile; fileRef = 12F02E342B60CD9400C77655 /* DateFilterView.swift */; };
		12F02E372B60CE2100C77655 /* TransactionCardView.swift in Sources */ = {isa = PBXBuildFile; fileRef = 12F02E362B60CE2100C77655 /* TransactionCardView.swift */; };
		12F02E392B60CE8900C77655 /* AddTransactionView.swift in Sources */ = {isa = PBXBuildFile; fileRef = 12F02E382B60CE8900C77655 /* AddTransactionView.swift */; };
		12F02E3D2B60CED400C77655 /* FilterTransactionView.swift in Sources */ = {isa = PBXBuildFile; fileRef = 12F02E3C2B60CED400C77655 /* FilterTransactionView.swift */; };
		12F02E3F2B60CF4700C77655 /* View+Extensions.swift in Sources */ = {isa = PBXBuildFile; fileRef = 12F02E3E2B60CF4700C77655 /* View+Extensions.swift */; };
		12F02E412B60CF8F00C77655 /* Date+Extension.swift in Sources */ = {isa = PBXBuildFile; fileRef = 12F02E402B60CF8F00C77655 /* Date+Extension.swift */; };
		12F02E432B60D49100C77655 /* HeaderView.swift in Sources */ = {isa = PBXBuildFile; fileRef = 12F02E422B60D49100C77655 /* HeaderView.swift */; };
		12F02E472B61843000C77655 /* SideMenu.swift in Sources */ = {isa = PBXBuildFile; fileRef = 12F02E462B61843000C77655 /* SideMenu.swift */; };
		12F02E492B61845200C77655 /* HapticManager.swift in Sources */ = {isa = PBXBuildFile; fileRef = 12F02E482B61845200C77655 /* HapticManager.swift */; };
		12F02E4B2B61900600C77655 /* ScoreCardView.swift in Sources */ = {isa = PBXBuildFile; fileRef = 12F02E4A2B61900600C77655 /* ScoreCardView.swift */; };
		12F02E4D2B61AA9B00C77655 /* ExpenseChart.swift in Sources */ = {isa = PBXBuildFile; fileRef = 12F02E4C2B61AA9B00C77655 /* ExpenseChart.swift */; };
		12F02E4F2B61AAB800C77655 /* ArcShape.swift in Sources */ = {isa = PBXBuildFile; fileRef = 12F02E4E2B61AAB800C77655 /* ArcShape.swift */; };
		12F02E552B620D8E00C77655 /* SegmentButton.swift in Sources */ = {isa = PBXBuildFile; fileRef = 12F02E542B620D8E00C77655 /* SegmentButton.swift */; };
		12F02E572B620DC200C77655 /* CustomeSelector.swift in Sources */ = {isa = PBXBuildFile; fileRef = 12F02E562B620DC200C77655 /* CustomeSelector.swift */; };
		12F02E592B62C06800C77655 /* ScoreCardView2.swift in Sources */ = {isa = PBXBuildFile; fileRef = 12F02E582B62C06800C77655 /* ScoreCardView2.swift */; };
/* End PBXBuildFile section */

/* Begin PBXContainerItemProxy section */
		122CAAB02B5F468D0053E9FD /* PBXContainerItemProxy */ = {
			isa = PBXContainerItemProxy;
			containerPortal = 122CAA962B5F468A0053E9FD /* Project object */;
			proxyType = 1;
			remoteGlobalIDString = 122CAA9D2B5F468A0053E9FD;
			remoteInfo = TightWad;
		};
		122CAABA2B5F468D0053E9FD /* PBXContainerItemProxy */ = {
			isa = PBXContainerItemProxy;
			containerPortal = 122CAA962B5F468A0053E9FD /* Project object */;
			proxyType = 1;
			remoteGlobalIDString = 122CAA9D2B5F468A0053E9FD;
			remoteInfo = TightWad;
		};
/* End PBXContainerItemProxy section */

/* Begin PBXFileReference section */
		122CAA9E2B5F468A0053E9FD /* TightWad.app */ = {isa = PBXFileReference; explicitFileType = wrapper.application; includeInIndex = 0; path = TightWad.app; sourceTree = BUILT_PRODUCTS_DIR; };
		122CAAA12B5F468A0053E9FD /* TightWadApp.swift */ = {isa = PBXFileReference; lastKnownFileType = sourcecode.swift; path = TightWadApp.swift; sourceTree = "<group>"; };
		122CAAA32B5F468A0053E9FD /* ContentView.swift */ = {isa = PBXFileReference; lastKnownFileType = sourcecode.swift; path = ContentView.swift; sourceTree = "<group>"; };
		122CAAA52B5F468C0053E9FD /* Assets.xcassets */ = {isa = PBXFileReference; lastKnownFileType = folder.assetcatalog; path = Assets.xcassets; sourceTree = "<group>"; };
		122CAAA72B5F468C0053E9FD /* TightWad.entitlements */ = {isa = PBXFileReference; lastKnownFileType = text.plist.entitlements; path = TightWad.entitlements; sourceTree = "<group>"; };
		122CAAA92B5F468C0053E9FD /* Preview Assets.xcassets */ = {isa = PBXFileReference; lastKnownFileType = folder.assetcatalog; path = "Preview Assets.xcassets"; sourceTree = "<group>"; };
		122CAAAF2B5F468D0053E9FD /* TightWadTests.xctest */ = {isa = PBXFileReference; explicitFileType = wrapper.cfbundle; includeInIndex = 0; path = TightWadTests.xctest; sourceTree = BUILT_PRODUCTS_DIR; };
		122CAAB32B5F468D0053E9FD /* TightWadTests.swift */ = {isa = PBXFileReference; lastKnownFileType = sourcecode.swift; path = TightWadTests.swift; sourceTree = "<group>"; };
		122CAAB92B5F468D0053E9FD /* TightWadUITests.xctest */ = {isa = PBXFileReference; explicitFileType = wrapper.cfbundle; includeInIndex = 0; path = TightWadUITests.xctest; sourceTree = BUILT_PRODUCTS_DIR; };
		122CAABD2B5F468D0053E9FD /* TightWadUITests.swift */ = {isa = PBXFileReference; lastKnownFileType = sourcecode.swift; path = TightWadUITests.swift; sourceTree = "<group>"; };
		122CAABF2B5F468D0053E9FD /* TightWadUITestsLaunchTests.swift */ = {isa = PBXFileReference; lastKnownFileType = sourcecode.swift; path = TightWadUITestsLaunchTests.swift; sourceTree = "<group>"; };
		122CAACF2B5F53E20053E9FD /* Transaction.swift */ = {isa = PBXFileReference; lastKnownFileType = sourcecode.swift; path = Transaction.swift; sourceTree = "<group>"; };
		122CAAD12B6079190053E9FD /* Color.swift */ = {isa = PBXFileReference; lastKnownFileType = sourcecode.swift; path = Color.swift; sourceTree = "<group>"; };
		122CAAD32B607A420053E9FD /* TransactionType.swift */ = {isa = PBXFileReference; lastKnownFileType = sourcecode.swift; path = TransactionType.swift; sourceTree = "<group>"; };
		122CAAD52B607AD70053E9FD /* Constants.swift */ = {isa = PBXFileReference; lastKnownFileType = sourcecode.swift; path = Constants.swift; sourceTree = "<group>"; };
		122CAAD92B6081240053E9FD /* Budget.swift */ = {isa = PBXFileReference; lastKnownFileType = sourcecode.swift; path = Budget.swift; sourceTree = "<group>"; };
		122CAADE2B6088DC0053E9FD /* Tab.swift */ = {isa = PBXFileReference; lastKnownFileType = sourcecode.swift; path = Tab.swift; sourceTree = "<group>"; };
		122CAAE02B6089830053E9FD /* TabPosition.swift */ = {isa = PBXFileReference; lastKnownFileType = sourcecode.swift; path = TabPosition.swift; sourceTree = "<group>"; };
		122CAAE22B6089A30053E9FD /* TabShape.swift */ = {isa = PBXFileReference; lastKnownFileType = sourcecode.swift; path = TabShape.swift; sourceTree = "<group>"; };
		122CAAE42B6089F00053E9FD /* TabBarHome.swift */ = {isa = PBXFileReference; lastKnownFileType = sourcecode.swift; path = TabBarHome.swift; sourceTree = "<group>"; };
		122CAAE62B608E3A0053E9FD /* TransactionView.swift */ = {isa = PBXFileReference; lastKnownFileType = sourcecode.swift; path = TransactionView.swift; sourceTree = "<group>"; };
		122CAAE82B608E910053E9FD /* ChartsView.swift */ = {isa = PBXFileReference; lastKnownFileType = sourcecode.swift; path = ChartsView.swift; sourceTree = "<group>"; };
		122CAAEA2B608E9E0053E9FD /* SettingsView.swift */ = {isa = PBXFileReference; lastKnownFileType = sourcecode.swift; path = SettingsView.swift; sourceTree = "<group>"; };
		12F02E342B60CD9400C77655 /* DateFilterView.swift */ = {isa = PBXFileReference; lastKnownFileType = sourcecode.swift; path = DateFilterView.swift; sourceTree = "<group>"; };
		12F02E362B60CE2100C77655 /* TransactionCardView.swift */ = {isa = PBXFileReference; lastKnownFileType = sourcecode.swift; path = TransactionCardView.swift; sourceTree = "<group>"; };
		12F02E382B60CE8900C77655 /* AddTransactionView.swift */ = {isa = PBXFileReference; lastKnownFileType = sourcecode.swift; path = AddTransactionView.swift; sourceTree = "<group>"; };
		12F02E3C2B60CED400C77655 /* FilterTransactionView.swift */ = {isa = PBXFileReference; lastKnownFileType = sourcecode.swift; path = FilterTransactionView.swift; sourceTree = "<group>"; };
		12F02E3E2B60CF4700C77655 /* View+Extensions.swift */ = {isa = PBXFileReference; lastKnownFileType = sourcecode.swift; path = "View+Extensions.swift"; sourceTree = "<group>"; };
		12F02E402B60CF8F00C77655 /* Date+Extension.swift */ = {isa = PBXFileReference; lastKnownFileType = sourcecode.swift; path = "Date+Extension.swift"; sourceTree = "<group>"; };
		12F02E422B60D49100C77655 /* HeaderView.swift */ = {isa = PBXFileReference; lastKnownFileType = sourcecode.swift; path = HeaderView.swift; sourceTree = "<group>"; };
		12F02E462B61843000C77655 /* SideMenu.swift */ = {isa = PBXFileReference; lastKnownFileType = sourcecode.swift; path = SideMenu.swift; sourceTree = "<group>"; };
		12F02E482B61845200C77655 /* HapticManager.swift */ = {isa = PBXFileReference; lastKnownFileType = sourcecode.swift; path = HapticManager.swift; sourceTree = "<group>"; };
		12F02E4A2B61900600C77655 /* ScoreCardView.swift */ = {isa = PBXFileReference; lastKnownFileType = sourcecode.swift; path = ScoreCardView.swift; sourceTree = "<group>"; };
		12F02E4C2B61AA9B00C77655 /* ExpenseChart.swift */ = {isa = PBXFileReference; lastKnownFileType = sourcecode.swift; path = ExpenseChart.swift; sourceTree = "<group>"; };
		12F02E4E2B61AAB800C77655 /* ArcShape.swift */ = {isa = PBXFileReference; lastKnownFileType = sourcecode.swift; path = ArcShape.swift; sourceTree = "<group>"; };
		12F02E542B620D8E00C77655 /* SegmentButton.swift */ = {isa = PBXFileReference; lastKnownFileType = sourcecode.swift; path = SegmentButton.swift; sourceTree = "<group>"; };
		12F02E562B620DC200C77655 /* CustomeSelector.swift */ = {isa = PBXFileReference; lastKnownFileType = sourcecode.swift; path = CustomeSelector.swift; sourceTree = "<group>"; };
		12F02E582B62C06800C77655 /* ScoreCardView2.swift */ = {isa = PBXFileReference; lastKnownFileType = sourcecode.swift; path = ScoreCardView2.swift; sourceTree = "<group>"; };
/* End PBXFileReference section */

/* Begin PBXFrameworksBuildPhase section */
		122CAA9B2B5F468A0053E9FD /* Frameworks */ = {
			isa = PBXFrameworksBuildPhase;
			buildActionMask = 2147483647;
			files = (
			);
			runOnlyForDeploymentPostprocessing = 0;
		};
		122CAAAC2B5F468D0053E9FD /* Frameworks */ = {
			isa = PBXFrameworksBuildPhase;
			buildActionMask = 2147483647;
			files = (
			);
			runOnlyForDeploymentPostprocessing = 0;
		};
		122CAAB62B5F468D0053E9FD /* Frameworks */ = {
			isa = PBXFrameworksBuildPhase;
			buildActionMask = 2147483647;
			files = (
			);
			runOnlyForDeploymentPostprocessing = 0;
		};
/* End PBXFrameworksBuildPhase section */

/* Begin PBXGroup section */
		122CAA952B5F468A0053E9FD = {
			isa = PBXGroup;
			children = (
				122CAADB2B6088B30053E9FD /* TabBarPackage */,
				122CAACE2B5F51CA0053E9FD /* Helper */,
				122CAACD2B5F51020053E9FD /* Views */,
				122CAACC2B5F50F80053E9FD /* Models */,
				122CAAA02B5F468A0053E9FD /* TightWad */,
				122CAAB22B5F468D0053E9FD /* TightWadTests */,
				122CAABC2B5F468D0053E9FD /* TightWadUITests */,
				122CAA9F2B5F468A0053E9FD /* Products */,
			);
			sourceTree = "<group>";
		};
		122CAA9F2B5F468A0053E9FD /* Products */ = {
			isa = PBXGroup;
			children = (
				122CAA9E2B5F468A0053E9FD /* TightWad.app */,
				122CAAAF2B5F468D0053E9FD /* TightWadTests.xctest */,
				122CAAB92B5F468D0053E9FD /* TightWadUITests.xctest */,
			);
			name = Products;
			sourceTree = "<group>";
		};
		122CAAA02B5F468A0053E9FD /* TightWad */ = {
			isa = PBXGroup;
			children = (
				122CAAA12B5F468A0053E9FD /* TightWadApp.swift */,
				122CAAA52B5F468C0053E9FD /* Assets.xcassets */,
				122CAAA72B5F468C0053E9FD /* TightWad.entitlements */,
				122CAAA82B5F468C0053E9FD /* Preview Content */,
			);
			path = TightWad;
			sourceTree = "<group>";
		};
		122CAAA82B5F468C0053E9FD /* Preview Content */ = {
			isa = PBXGroup;
			children = (
				122CAAA92B5F468C0053E9FD /* Preview Assets.xcassets */,
			);
			path = "Preview Content";
			sourceTree = "<group>";
		};
		122CAAB22B5F468D0053E9FD /* TightWadTests */ = {
			isa = PBXGroup;
			children = (
				122CAAB32B5F468D0053E9FD /* TightWadTests.swift */,
			);
			path = TightWadTests;
			sourceTree = "<group>";
		};
		122CAABC2B5F468D0053E9FD /* TightWadUITests */ = {
			isa = PBXGroup;
			children = (
				122CAABD2B5F468D0053E9FD /* TightWadUITests.swift */,
				122CAABF2B5F468D0053E9FD /* TightWadUITestsLaunchTests.swift */,
			);
			path = TightWadUITests;
			sourceTree = "<group>";
		};
		122CAACC2B5F50F80053E9FD /* Models */ = {
			isa = PBXGroup;
			children = (
				122CAACF2B5F53E20053E9FD /* Transaction.swift */,
				122CAAD12B6079190053E9FD /* Color.swift */,
				122CAAD32B607A420053E9FD /* TransactionType.swift */,
				122CAAD92B6081240053E9FD /* Budget.swift */,
			);
			path = Models;
			sourceTree = "<group>";
		};
		122CAACD2B5F51020053E9FD /* Views */ = {
			isa = PBXGroup;
			children = (
				122CAAA32B5F468A0053E9FD /* ContentView.swift */,
				122CAAE62B608E3A0053E9FD /* TransactionView.swift */,
				122CAAE82B608E910053E9FD /* ChartsView.swift */,
				122CAAEA2B608E9E0053E9FD /* SettingsView.swift */,
				12F02E362B60CE2100C77655 /* TransactionCardView.swift */,
				12F02E382B60CE8900C77655 /* AddTransactionView.swift */,
			);
			path = Views;
			sourceTree = "<group>";
		};
		122CAACE2B5F51CA0053E9FD /* Helper */ = {
			isa = PBXGroup;
			children = (
				122CAAD52B607AD70053E9FD /* Constants.swift */,
				12F02E3E2B60CF4700C77655 /* View+Extensions.swift */,
				12F02E402B60CF8F00C77655 /* Date+Extension.swift */,
				12F02E482B61845200C77655 /* HapticManager.swift */,
				12F02E4C2B61AA9B00C77655 /* ExpenseChart.swift */,
				12F02E342B60CD9400C77655 /* DateFilterView.swift */,
				12F02E422B60D49100C77655 /* HeaderView.swift */,
				12F02E3C2B60CED400C77655 /* FilterTransactionView.swift */,
				12F02E462B61843000C77655 /* SideMenu.swift */,
				12F02E4A2B61900600C77655 /* ScoreCardView.swift */,
				12F02E4E2B61AAB800C77655 /* ArcShape.swift */,
				12F02E542B620D8E00C77655 /* SegmentButton.swift */,
				12F02E562B620DC200C77655 /* CustomeSelector.swift */,
				12F02E582B62C06800C77655 /* ScoreCardView2.swift */,
			);
			path = Helper;
			sourceTree = "<group>";
		};
		122CAADB2B6088B30053E9FD /* TabBarPackage */ = {
			isa = PBXGroup;
			children = (
				122CAADD2B6088C50053E9FD /* Model */,
				122CAADC2B6088BD0053E9FD /* Views */,
			);
			path = TabBarPackage;
			sourceTree = "<group>";
		};
		122CAADC2B6088BD0053E9FD /* Views */ = {
			isa = PBXGroup;
			children = (
				122CAADE2B6088DC0053E9FD /* Tab.swift */,
				122CAAE02B6089830053E9FD /* TabPosition.swift */,
				122CAAE22B6089A30053E9FD /* TabShape.swift */,
				122CAAE42B6089F00053E9FD /* TabBarHome.swift */,
			);
			path = Views;
			sourceTree = "<group>";
		};
		122CAADD2B6088C50053E9FD /* Model */ = {
			isa = PBXGroup;
			children = (
			);
			path = Model;
			sourceTree = "<group>";
		};
/* End PBXGroup section */

/* Begin PBXNativeTarget section */
		122CAA9D2B5F468A0053E9FD /* TightWad */ = {
			isa = PBXNativeTarget;
			buildConfigurationList = 122CAAC32B5F468D0053E9FD /* Build configuration list for PBXNativeTarget "TightWad" */;
			buildPhases = (
				122CAA9A2B5F468A0053E9FD /* Sources */,
				122CAA9B2B5F468A0053E9FD /* Frameworks */,
				122CAA9C2B5F468A0053E9FD /* Resources */,
			);
			buildRules = (
			);
			dependencies = (
			);
			name = TightWad;
			productName = TightWad;
			productReference = 122CAA9E2B5F468A0053E9FD /* TightWad.app */;
			productType = "com.apple.product-type.application";
		};
		122CAAAE2B5F468D0053E9FD /* TightWadTests */ = {
			isa = PBXNativeTarget;
			buildConfigurationList = 122CAAC62B5F468D0053E9FD /* Build configuration list for PBXNativeTarget "TightWadTests" */;
			buildPhases = (
				122CAAAB2B5F468D0053E9FD /* Sources */,
				122CAAAC2B5F468D0053E9FD /* Frameworks */,
				122CAAAD2B5F468D0053E9FD /* Resources */,
			);
			buildRules = (
			);
			dependencies = (
				122CAAB12B5F468D0053E9FD /* PBXTargetDependency */,
			);
			name = TightWadTests;
			productName = TightWadTests;
			productReference = 122CAAAF2B5F468D0053E9FD /* TightWadTests.xctest */;
			productType = "com.apple.product-type.bundle.unit-test";
		};
		122CAAB82B5F468D0053E9FD /* TightWadUITests */ = {
			isa = PBXNativeTarget;
			buildConfigurationList = 122CAAC92B5F468D0053E9FD /* Build configuration list for PBXNativeTarget "TightWadUITests" */;
			buildPhases = (
				122CAAB52B5F468D0053E9FD /* Sources */,
				122CAAB62B5F468D0053E9FD /* Frameworks */,
				122CAAB72B5F468D0053E9FD /* Resources */,
			);
			buildRules = (
			);
			dependencies = (
				122CAABB2B5F468D0053E9FD /* PBXTargetDependency */,
			);
			name = TightWadUITests;
			productName = TightWadUITests;
			productReference = 122CAAB92B5F468D0053E9FD /* TightWadUITests.xctest */;
			productType = "com.apple.product-type.bundle.ui-testing";
		};
/* End PBXNativeTarget section */

/* Begin PBXProject section */
		122CAA962B5F468A0053E9FD /* Project object */ = {
			isa = PBXProject;
			attributes = {
				BuildIndependentTargetsInParallel = 1;
				LastSwiftUpdateCheck = 1520;
				LastUpgradeCheck = 1520;
				TargetAttributes = {
					122CAA9D2B5F468A0053E9FD = {
						CreatedOnToolsVersion = 15.2;
					};
					122CAAAE2B5F468D0053E9FD = {
						CreatedOnToolsVersion = 15.2;
						TestTargetID = 122CAA9D2B5F468A0053E9FD;
					};
					122CAAB82B5F468D0053E9FD = {
						CreatedOnToolsVersion = 15.2;
						TestTargetID = 122CAA9D2B5F468A0053E9FD;
					};
				};
			};
			buildConfigurationList = 122CAA992B5F468A0053E9FD /* Build configuration list for PBXProject "TightWad" */;
			compatibilityVersion = "Xcode 14.0";
			developmentRegion = en;
			hasScannedForEncodings = 0;
			knownRegions = (
				en,
				Base,
			);
			mainGroup = 122CAA952B5F468A0053E9FD;
			productRefGroup = 122CAA9F2B5F468A0053E9FD /* Products */;
			projectDirPath = "";
			projectRoot = "";
			targets = (
				122CAA9D2B5F468A0053E9FD /* TightWad */,
				122CAAAE2B5F468D0053E9FD /* TightWadTests */,
				122CAAB82B5F468D0053E9FD /* TightWadUITests */,
			);
		};
/* End PBXProject section */

/* Begin PBXResourcesBuildPhase section */
		122CAA9C2B5F468A0053E9FD /* Resources */ = {
			isa = PBXResourcesBuildPhase;
			buildActionMask = 2147483647;
			files = (
				122CAAAA2B5F468C0053E9FD /* Preview Assets.xcassets in Resources */,
				122CAAA62B5F468C0053E9FD /* Assets.xcassets in Resources */,
			);
			runOnlyForDeploymentPostprocessing = 0;
		};
		122CAAAD2B5F468D0053E9FD /* Resources */ = {
			isa = PBXResourcesBuildPhase;
			buildActionMask = 2147483647;
			files = (
			);
			runOnlyForDeploymentPostprocessing = 0;
		};
		122CAAB72B5F468D0053E9FD /* Resources */ = {
			isa = PBXResourcesBuildPhase;
			buildActionMask = 2147483647;
			files = (
			);
			runOnlyForDeploymentPostprocessing = 0;
		};
/* End PBXResourcesBuildPhase section */

/* Begin PBXSourcesBuildPhase section */
		122CAA9A2B5F468A0053E9FD /* Sources */ = {
			isa = PBXSourcesBuildPhase;
			buildActionMask = 2147483647;
			files = (
				122CAAA42B5F468A0053E9FD /* ContentView.swift in Sources */,
				12F02E492B61845200C77655 /* HapticManager.swift in Sources */,
				122CAAD42B607A420053E9FD /* TransactionType.swift in Sources */,
				12F02E592B62C06800C77655 /* ScoreCardView2.swift in Sources */,
				12F02E4D2B61AA9B00C77655 /* ExpenseChart.swift in Sources */,
				12F02E3D2B60CED400C77655 /* FilterTransactionView.swift in Sources */,
				12F02E472B61843000C77655 /* SideMenu.swift in Sources */,
				122CAAD22B6079190053E9FD /* Color.swift in Sources */,
				122CAAE52B6089F00053E9FD /* TabBarHome.swift in Sources */,
				122CAADF2B6088DC0053E9FD /* Tab.swift in Sources */,
				12F02E552B620D8E00C77655 /* SegmentButton.swift in Sources */,
				12F02E392B60CE8900C77655 /* AddTransactionView.swift in Sources */,
				12F02E432B60D49100C77655 /* HeaderView.swift in Sources */,
				122CAAE72B608E3A0053E9FD /* TransactionView.swift in Sources */,
				12F02E572B620DC200C77655 /* CustomeSelector.swift in Sources */,
				12F02E4B2B61900600C77655 /* ScoreCardView.swift in Sources */,
				122CAAA22B5F468A0053E9FD /* TightWadApp.swift in Sources */,
				122CAAEB2B608E9E0053E9FD /* SettingsView.swift in Sources */,
				12F02E352B60CD9400C77655 /* DateFilterView.swift in Sources */,
				12F02E412B60CF8F00C77655 /* Date+Extension.swift in Sources */,
				122CAAD02B5F53E20053E9FD /* Transaction.swift in Sources */,
				122CAAE92B608E910053E9FD /* ChartsView.swift in Sources */,
				122CAADA2B6081240053E9FD /* Budget.swift in Sources */,
				122CAAD62B607AD70053E9FD /* Constants.swift in Sources */,
				122CAAE12B6089830053E9FD /* TabPosition.swift in Sources */,
				122CAAE32B6089A30053E9FD /* TabShape.swift in Sources */,
				12F02E3F2B60CF4700C77655 /* View+Extensions.swift in Sources */,
				12F02E4F2B61AAB800C77655 /* ArcShape.swift in Sources */,
				12F02E372B60CE2100C77655 /* TransactionCardView.swift in Sources */,
			);
			runOnlyForDeploymentPostprocessing = 0;
		};
		122CAAAB2B5F468D0053E9FD /* Sources */ = {
			isa = PBXSourcesBuildPhase;
			buildActionMask = 2147483647;
			files = (
				122CAAB42B5F468D0053E9FD /* TightWadTests.swift in Sources */,
			);
			runOnlyForDeploymentPostprocessing = 0;
		};
		122CAAB52B5F468D0053E9FD /* Sources */ = {
			isa = PBXSourcesBuildPhase;
			buildActionMask = 2147483647;
			files = (
				122CAAC02B5F468D0053E9FD /* TightWadUITestsLaunchTests.swift in Sources */,
				122CAABE2B5F468D0053E9FD /* TightWadUITests.swift in Sources */,
			);
			runOnlyForDeploymentPostprocessing = 0;
		};
/* End PBXSourcesBuildPhase section */

/* Begin PBXTargetDependency section */
		122CAAB12B5F468D0053E9FD /* PBXTargetDependency */ = {
			isa = PBXTargetDependency;
			target = 122CAA9D2B5F468A0053E9FD /* TightWad */;
			targetProxy = 122CAAB02B5F468D0053E9FD /* PBXContainerItemProxy */;
		};
		122CAABB2B5F468D0053E9FD /* PBXTargetDependency */ = {
			isa = PBXTargetDependency;
			target = 122CAA9D2B5F468A0053E9FD /* TightWad */;
			targetProxy = 122CAABA2B5F468D0053E9FD /* PBXContainerItemProxy */;
		};
/* End PBXTargetDependency section */

/* Begin XCBuildConfiguration section */
		122CAAC12B5F468D0053E9FD /* Debug */ = {
			isa = XCBuildConfiguration;
			buildSettings = {
				ALWAYS_SEARCH_USER_PATHS = NO;
				ASSETCATALOG_COMPILER_GENERATE_SWIFT_ASSET_SYMBOL_EXTENSIONS = YES;
				CLANG_ANALYZER_NONNULL = YES;
				CLANG_ANALYZER_NUMBER_OBJECT_CONVERSION = YES_AGGRESSIVE;
				CLANG_CXX_LANGUAGE_STANDARD = "gnu++20";
				CLANG_ENABLE_MODULES = YES;
				CLANG_ENABLE_OBJC_ARC = YES;
				CLANG_ENABLE_OBJC_WEAK = YES;
				CLANG_WARN_BLOCK_CAPTURE_AUTORELEASING = YES;
				CLANG_WARN_BOOL_CONVERSION = YES;
				CLANG_WARN_COMMA = YES;
				CLANG_WARN_CONSTANT_CONVERSION = YES;
				CLANG_WARN_DEPRECATED_OBJC_IMPLEMENTATIONS = YES;
				CLANG_WARN_DIRECT_OBJC_ISA_USAGE = YES_ERROR;
				CLANG_WARN_DOCUMENTATION_COMMENTS = YES;
				CLANG_WARN_EMPTY_BODY = YES;
				CLANG_WARN_ENUM_CONVERSION = YES;
				CLANG_WARN_INFINITE_RECURSION = YES;
				CLANG_WARN_INT_CONVERSION = YES;
				CLANG_WARN_NON_LITERAL_NULL_CONVERSION = YES;
				CLANG_WARN_OBJC_IMPLICIT_RETAIN_SELF = YES;
				CLANG_WARN_OBJC_LITERAL_CONVERSION = YES;
				CLANG_WARN_OBJC_ROOT_CLASS = YES_ERROR;
				CLANG_WARN_QUOTED_INCLUDE_IN_FRAMEWORK_HEADER = YES;
				CLANG_WARN_RANGE_LOOP_ANALYSIS = YES;
				CLANG_WARN_STRICT_PROTOTYPES = YES;
				CLANG_WARN_SUSPICIOUS_MOVE = YES;
				CLANG_WARN_UNGUARDED_AVAILABILITY = YES_AGGRESSIVE;
				CLANG_WARN_UNREACHABLE_CODE = YES;
				CLANG_WARN__DUPLICATE_METHOD_MATCH = YES;
				COPY_PHASE_STRIP = NO;
				DEBUG_INFORMATION_FORMAT = dwarf;
				ENABLE_STRICT_OBJC_MSGSEND = YES;
				ENABLE_TESTABILITY = YES;
				ENABLE_USER_SCRIPT_SANDBOXING = YES;
				GCC_C_LANGUAGE_STANDARD = gnu17;
				GCC_DYNAMIC_NO_PIC = NO;
				GCC_NO_COMMON_BLOCKS = YES;
				GCC_OPTIMIZATION_LEVEL = 0;
				GCC_PREPROCESSOR_DEFINITIONS = (
					"DEBUG=1",
					"$(inherited)",
				);
				GCC_WARN_64_TO_32_BIT_CONVERSION = YES;
				GCC_WARN_ABOUT_RETURN_TYPE = YES_ERROR;
				GCC_WARN_UNDECLARED_SELECTOR = YES;
				GCC_WARN_UNINITIALIZED_AUTOS = YES_AGGRESSIVE;
				GCC_WARN_UNUSED_FUNCTION = YES;
				GCC_WARN_UNUSED_VARIABLE = YES;
				LOCALIZATION_PREFERS_STRING_CATALOGS = YES;
				MTL_ENABLE_DEBUG_INFO = INCLUDE_SOURCE;
				MTL_FAST_MATH = YES;
				ONLY_ACTIVE_ARCH = YES;
				SWIFT_ACTIVE_COMPILATION_CONDITIONS = "DEBUG $(inherited)";
				SWIFT_OPTIMIZATION_LEVEL = "-Onone";
			};
			name = Debug;
		};
		122CAAC22B5F468D0053E9FD /* Release */ = {
			isa = XCBuildConfiguration;
			buildSettings = {
				ALWAYS_SEARCH_USER_PATHS = NO;
				ASSETCATALOG_COMPILER_GENERATE_SWIFT_ASSET_SYMBOL_EXTENSIONS = YES;
				CLANG_ANALYZER_NONNULL = YES;
				CLANG_ANALYZER_NUMBER_OBJECT_CONVERSION = YES_AGGRESSIVE;
				CLANG_CXX_LANGUAGE_STANDARD = "gnu++20";
				CLANG_ENABLE_MODULES = YES;
				CLANG_ENABLE_OBJC_ARC = YES;
				CLANG_ENABLE_OBJC_WEAK = YES;
				CLANG_WARN_BLOCK_CAPTURE_AUTORELEASING = YES;
				CLANG_WARN_BOOL_CONVERSION = YES;
				CLANG_WARN_COMMA = YES;
				CLANG_WARN_CONSTANT_CONVERSION = YES;
				CLANG_WARN_DEPRECATED_OBJC_IMPLEMENTATIONS = YES;
				CLANG_WARN_DIRECT_OBJC_ISA_USAGE = YES_ERROR;
				CLANG_WARN_DOCUMENTATION_COMMENTS = YES;
				CLANG_WARN_EMPTY_BODY = YES;
				CLANG_WARN_ENUM_CONVERSION = YES;
				CLANG_WARN_INFINITE_RECURSION = YES;
				CLANG_WARN_INT_CONVERSION = YES;
				CLANG_WARN_NON_LITERAL_NULL_CONVERSION = YES;
				CLANG_WARN_OBJC_IMPLICIT_RETAIN_SELF = YES;
				CLANG_WARN_OBJC_LITERAL_CONVERSION = YES;
				CLANG_WARN_OBJC_ROOT_CLASS = YES_ERROR;
				CLANG_WARN_QUOTED_INCLUDE_IN_FRAMEWORK_HEADER = YES;
				CLANG_WARN_RANGE_LOOP_ANALYSIS = YES;
				CLANG_WARN_STRICT_PROTOTYPES = YES;
				CLANG_WARN_SUSPICIOUS_MOVE = YES;
				CLANG_WARN_UNGUARDED_AVAILABILITY = YES_AGGRESSIVE;
				CLANG_WARN_UNREACHABLE_CODE = YES;
				CLANG_WARN__DUPLICATE_METHOD_MATCH = YES;
				COPY_PHASE_STRIP = NO;
				DEBUG_INFORMATION_FORMAT = "dwarf-with-dsym";
				ENABLE_NS_ASSERTIONS = NO;
				ENABLE_STRICT_OBJC_MSGSEND = YES;
				ENABLE_USER_SCRIPT_SANDBOXING = YES;
				GCC_C_LANGUAGE_STANDARD = gnu17;
				GCC_NO_COMMON_BLOCKS = YES;
				GCC_WARN_64_TO_32_BIT_CONVERSION = YES;
				GCC_WARN_ABOUT_RETURN_TYPE = YES_ERROR;
				GCC_WARN_UNDECLARED_SELECTOR = YES;
				GCC_WARN_UNINITIALIZED_AUTOS = YES_AGGRESSIVE;
				GCC_WARN_UNUSED_FUNCTION = YES;
				GCC_WARN_UNUSED_VARIABLE = YES;
				LOCALIZATION_PREFERS_STRING_CATALOGS = YES;
				MTL_ENABLE_DEBUG_INFO = NO;
				MTL_FAST_MATH = YES;
				SWIFT_COMPILATION_MODE = wholemodule;
			};
			name = Release;
		};
		122CAAC42B5F468D0053E9FD /* Debug */ = {
			isa = XCBuildConfiguration;
			buildSettings = {
				ASSETCATALOG_COMPILER_APPICON_NAME = AppIcon;
				ASSETCATALOG_COMPILER_GLOBAL_ACCENT_COLOR_NAME = AccentColor;
				CODE_SIGN_ENTITLEMENTS = TightWad/TightWad.entitlements;
				CODE_SIGN_STYLE = Automatic;
				CURRENT_PROJECT_VERSION = 1;
				DEVELOPMENT_ASSET_PATHS = "\"TightWad/Preview Content\"";
				DEVELOPMENT_TEAM = 8QQYNTY523;
				ENABLE_HARDENED_RUNTIME = YES;
				ENABLE_PREVIEWS = YES;
				GENERATE_INFOPLIST_FILE = YES;
				INFOPLIST_KEY_LSApplicationCategoryType = "public.app-category.finance";
				"INFOPLIST_KEY_UIApplicationSceneManifest_Generation[sdk=iphoneos*]" = YES;
				"INFOPLIST_KEY_UIApplicationSceneManifest_Generation[sdk=iphonesimulator*]" = YES;
				"INFOPLIST_KEY_UIApplicationSupportsIndirectInputEvents[sdk=iphoneos*]" = YES;
				"INFOPLIST_KEY_UIApplicationSupportsIndirectInputEvents[sdk=iphonesimulator*]" = YES;
				"INFOPLIST_KEY_UILaunchScreen_Generation[sdk=iphoneos*]" = YES;
				"INFOPLIST_KEY_UILaunchScreen_Generation[sdk=iphonesimulator*]" = YES;
				"INFOPLIST_KEY_UIStatusBarStyle[sdk=iphoneos*]" = UIStatusBarStyleDefault;
				"INFOPLIST_KEY_UIStatusBarStyle[sdk=iphonesimulator*]" = UIStatusBarStyleDefault;
				INFOPLIST_KEY_UISupportedInterfaceOrientations_iPad = "UIInterfaceOrientationPortrait UIInterfaceOrientationPortraitUpsideDown UIInterfaceOrientationLandscapeLeft UIInterfaceOrientationLandscapeRight";
				INFOPLIST_KEY_UISupportedInterfaceOrientations_iPhone = "UIInterfaceOrientationPortrait UIInterfaceOrientationLandscapeLeft UIInterfaceOrientationLandscapeRight";
				IPHONEOS_DEPLOYMENT_TARGET = 17.2;
				LD_RUNPATH_SEARCH_PATHS = "@executable_path/Frameworks";
				"LD_RUNPATH_SEARCH_PATHS[sdk=macosx*]" = "@executable_path/../Frameworks";
				MACOSX_DEPLOYMENT_TARGET = 14.2;
				MARKETING_VERSION = 1.0;
				PRODUCT_BUNDLE_IDENTIFIER = com.weldtactics.TightWad;
				PRODUCT_NAME = "$(TARGET_NAME)";
				SDKROOT = auto;
				SUPPORTED_PLATFORMS = "iphoneos iphonesimulator macosx";
				SWIFT_EMIT_LOC_STRINGS = YES;
				SWIFT_VERSION = 5.0;
				TARGETED_DEVICE_FAMILY = "1,2";
			};
			name = Debug;
		};
		122CAAC52B5F468D0053E9FD /* Release */ = {
			isa = XCBuildConfiguration;
			buildSettings = {
				ASSETCATALOG_COMPILER_APPICON_NAME = AppIcon;
				ASSETCATALOG_COMPILER_GLOBAL_ACCENT_COLOR_NAME = AccentColor;
				CODE_SIGN_ENTITLEMENTS = TightWad/TightWad.entitlements;
				CODE_SIGN_STYLE = Automatic;
				CURRENT_PROJECT_VERSION = 1;
				DEVELOPMENT_ASSET_PATHS = "\"TightWad/Preview Content\"";
				DEVELOPMENT_TEAM = 8QQYNTY523;
				ENABLE_HARDENED_RUNTIME = YES;
				ENABLE_PREVIEWS = YES;
				GENERATE_INFOPLIST_FILE = YES;
				INFOPLIST_KEY_LSApplicationCategoryType = "public.app-category.finance";
				"INFOPLIST_KEY_UIApplicationSceneManifest_Generation[sdk=iphoneos*]" = YES;
				"INFOPLIST_KEY_UIApplicationSceneManifest_Generation[sdk=iphonesimulator*]" = YES;
				"INFOPLIST_KEY_UIApplicationSupportsIndirectInputEvents[sdk=iphoneos*]" = YES;
				"INFOPLIST_KEY_UIApplicationSupportsIndirectInputEvents[sdk=iphonesimulator*]" = YES;
				"INFOPLIST_KEY_UILaunchScreen_Generation[sdk=iphoneos*]" = YES;
				"INFOPLIST_KEY_UILaunchScreen_Generation[sdk=iphonesimulator*]" = YES;
				"INFOPLIST_KEY_UIStatusBarStyle[sdk=iphoneos*]" = UIStatusBarStyleDefault;
				"INFOPLIST_KEY_UIStatusBarStyle[sdk=iphonesimulator*]" = UIStatusBarStyleDefault;
				INFOPLIST_KEY_UISupportedInterfaceOrientations_iPad = "UIInterfaceOrientationPortrait UIInterfaceOrientationPortraitUpsideDown UIInterfaceOrientationLandscapeLeft UIInterfaceOrientationLandscapeRight";
				INFOPLIST_KEY_UISupportedInterfaceOrientations_iPhone = "UIInterfaceOrientationPortrait UIInterfaceOrientationLandscapeLeft UIInterfaceOrientationLandscapeRight";
				IPHONEOS_DEPLOYMENT_TARGET = 17.2;
				LD_RUNPATH_SEARCH_PATHS = "@executable_path/Frameworks";
				"LD_RUNPATH_SEARCH_PATHS[sdk=macosx*]" = "@executable_path/../Frameworks";
				MACOSX_DEPLOYMENT_TARGET = 14.2;
				MARKETING_VERSION = 1.0;
				PRODUCT_BUNDLE_IDENTIFIER = com.weldtactics.TightWad;
				PRODUCT_NAME = "$(TARGET_NAME)";
				SDKROOT = auto;
				SUPPORTED_PLATFORMS = "iphoneos iphonesimulator macosx";
				SWIFT_EMIT_LOC_STRINGS = YES;
				SWIFT_VERSION = 5.0;
				TARGETED_DEVICE_FAMILY = "1,2";
			};
			name = Release;
		};
		122CAAC72B5F468D0053E9FD /* Debug */ = {
			isa = XCBuildConfiguration;
			buildSettings = {
				ALWAYS_EMBED_SWIFT_STANDARD_LIBRARIES = YES;
				BUNDLE_LOADER = "$(TEST_HOST)";
				CODE_SIGN_STYLE = Automatic;
				CURRENT_PROJECT_VERSION = 1;
				DEVELOPMENT_TEAM = 8QQYNTY523;
				GENERATE_INFOPLIST_FILE = YES;
				IPHONEOS_DEPLOYMENT_TARGET = 17.2;
				MACOSX_DEPLOYMENT_TARGET = 14.2;
				MARKETING_VERSION = 1.0;
				PRODUCT_BUNDLE_IDENTIFIER = com.weldtactics.TightWadTests;
				PRODUCT_NAME = "$(TARGET_NAME)";
				SDKROOT = auto;
				SUPPORTED_PLATFORMS = "iphoneos iphonesimulator macosx";
				SWIFT_EMIT_LOC_STRINGS = NO;
				SWIFT_VERSION = 5.0;
				TARGETED_DEVICE_FAMILY = "1,2";
				TEST_HOST = "$(BUILT_PRODUCTS_DIR)/TightWad.app/$(BUNDLE_EXECUTABLE_FOLDER_PATH)/TightWad";
			};
			name = Debug;
		};
		122CAAC82B5F468D0053E9FD /* Release */ = {
			isa = XCBuildConfiguration;
			buildSettings = {
				ALWAYS_EMBED_SWIFT_STANDARD_LIBRARIES = YES;
				BUNDLE_LOADER = "$(TEST_HOST)";
				CODE_SIGN_STYLE = Automatic;
				CURRENT_PROJECT_VERSION = 1;
				DEVELOPMENT_TEAM = 8QQYNTY523;
				GENERATE_INFOPLIST_FILE = YES;
				IPHONEOS_DEPLOYMENT_TARGET = 17.2;
				MACOSX_DEPLOYMENT_TARGET = 14.2;
				MARKETING_VERSION = 1.0;
				PRODUCT_BUNDLE_IDENTIFIER = com.weldtactics.TightWadTests;
				PRODUCT_NAME = "$(TARGET_NAME)";
				SDKROOT = auto;
				SUPPORTED_PLATFORMS = "iphoneos iphonesimulator macosx";
				SWIFT_EMIT_LOC_STRINGS = NO;
				SWIFT_VERSION = 5.0;
				TARGETED_DEVICE_FAMILY = "1,2";
				TEST_HOST = "$(BUILT_PRODUCTS_DIR)/TightWad.app/$(BUNDLE_EXECUTABLE_FOLDER_PATH)/TightWad";
			};
			name = Release;
		};
		122CAACA2B5F468D0053E9FD /* Debug */ = {
			isa = XCBuildConfiguration;
			buildSettings = {
				ALWAYS_EMBED_SWIFT_STANDARD_LIBRARIES = YES;
				CODE_SIGN_STYLE = Automatic;
				CURRENT_PROJECT_VERSION = 1;
				DEVELOPMENT_TEAM = 8QQYNTY523;
				GENERATE_INFOPLIST_FILE = YES;
				IPHONEOS_DEPLOYMENT_TARGET = 17.2;
				MACOSX_DEPLOYMENT_TARGET = 14.2;
				MARKETING_VERSION = 1.0;
				PRODUCT_BUNDLE_IDENTIFIER = com.weldtactics.TightWadUITests;
				PRODUCT_NAME = "$(TARGET_NAME)";
				SDKROOT = auto;
				SUPPORTED_PLATFORMS = "iphoneos iphonesimulator macosx";
				SWIFT_EMIT_LOC_STRINGS = NO;
				SWIFT_VERSION = 5.0;
				TARGETED_DEVICE_FAMILY = "1,2";
				TEST_TARGET_NAME = TightWad;
			};
			name = Debug;
		};
		122CAACB2B5F468D0053E9FD /* Release */ = {
			isa = XCBuildConfiguration;
			buildSettings = {
				ALWAYS_EMBED_SWIFT_STANDARD_LIBRARIES = YES;
				CODE_SIGN_STYLE = Automatic;
				CURRENT_PROJECT_VERSION = 1;
				DEVELOPMENT_TEAM = 8QQYNTY523;
				GENERATE_INFOPLIST_FILE = YES;
				IPHONEOS_DEPLOYMENT_TARGET = 17.2;
				MACOSX_DEPLOYMENT_TARGET = 14.2;
				MARKETING_VERSION = 1.0;
				PRODUCT_BUNDLE_IDENTIFIER = com.weldtactics.TightWadUITests;
				PRODUCT_NAME = "$(TARGET_NAME)";
				SDKROOT = auto;
				SUPPORTED_PLATFORMS = "iphoneos iphonesimulator macosx";
				SWIFT_EMIT_LOC_STRINGS = NO;
				SWIFT_VERSION = 5.0;
				TARGETED_DEVICE_FAMILY = "1,2";
				TEST_TARGET_NAME = TightWad;
			};
			name = Release;
		};
/* End XCBuildConfiguration section */

/* Begin XCConfigurationList section */
		122CAA992B5F468A0053E9FD /* Build configuration list for PBXProject "TightWad" */ = {
			isa = XCConfigurationList;
			buildConfigurations = (
				122CAAC12B5F468D0053E9FD /* Debug */,
				122CAAC22B5F468D0053E9FD /* Release */,
			);
			defaultConfigurationIsVisible = 0;
			defaultConfigurationName = Release;
		};
		122CAAC32B5F468D0053E9FD /* Build configuration list for PBXNativeTarget "TightWad" */ = {
			isa = XCConfigurationList;
			buildConfigurations = (
				122CAAC42B5F468D0053E9FD /* Debug */,
				122CAAC52B5F468D0053E9FD /* Release */,
			);
			defaultConfigurationIsVisible = 0;
			defaultConfigurationName = Release;
		};
		122CAAC62B5F468D0053E9FD /* Build configuration list for PBXNativeTarget "TightWadTests" */ = {
			isa = XCConfigurationList;
			buildConfigurations = (
				122CAAC72B5F468D0053E9FD /* Debug */,
				122CAAC82B5F468D0053E9FD /* Release */,
			);
			defaultConfigurationIsVisible = 0;
			defaultConfigurationName = Release;
		};
		122CAAC92B5F468D0053E9FD /* Build configuration list for PBXNativeTarget "TightWadUITests" */ = {
			isa = XCConfigurationList;
			buildConfigurations = (
				122CAACA2B5F468D0053E9FD /* Debug */,
				122CAACB2B5F468D0053E9FD /* Release */,
			);
			defaultConfigurationIsVisible = 0;
			defaultConfigurationName = Release;
		};
/* End XCConfigurationList section */
	};
	rootObject = 122CAA962B5F468A0053E9FD /* Project object */;
}
